{
  "name": "@rahul1115/repo3",
  "version": "1.0.0",
  "lockfileVersion": 2,
  "requires": true,
  "packages": {
    "": {
      "name": "@rahul1115/repo3",
      "version": "1.0.0",
      "license": "ISC",
      "dependencies": {
        "@rahul1115/repo1": "^1.0.1"
      }
    },
    "node_modules/@rahul1115/repo1": {
      "version": "1.0.1",
      "resolved": "https://registry.npmjs.org/@rahul1115/repo1/-/repo1-1.0.1.tgz",
      "integrity": "sha512-1ZZ1h92JYLHfQfb88EIUJ9CGWnF1sq7nNibpFtsQv1a+RZv0TD6b8+wt/itIJ7V3FymzUd+GdFrQbw2c32juAg=="
    }
  },
  "dependencies": {
    "@rahul1115/repo1": {
      "version": "1.0.1",
      "resolved": "https://registry.npmjs.org/@rahul1115/repo1/-/repo1-1.0.1.tgz",
      "integrity": "sha512-1ZZ1h92JYLHfQfb88EIUJ9CGWnF1sq7nNibpFtsQv1a+RZv0TD6b8+wt/itIJ7V3FymzUd+GdFrQbw2c32juAg=="
    }
  }
}
