{
  "name": "@rahul1115/repo3",
  "version": "1.0.0",
  "lockfileVersion": 2,
  "requires": true,
  "packages": {
    "": {
      "name": "@rahul1115/repo3",
      "version": "1.0.0",
      "license": "ISC",
      "dependencies": {
        "@rahul1115/repo1": "^1.0.1"
      }
    },
    "node_modules/@rahul1115/repo1": {
      "version": "1.0.2",
      "resolved": "https://registry.npmjs.org/@rahul1115/repo1/-/repo1-1.0.2.tgz",
      "integrity": "sha512-Udx1RTzocDVcsRbpDauvQEeLWwBmq/Y6WMMIYJxR1YJEfL/NlriitW4j9sNKU2W95//RqvLffMBaomlmOmAHMA=="
    }
  },
  "dependencies": {
    "@rahul1115/repo1": {
      "version": "1.0.2",
      "resolved": "https://registry.npmjs.org/@rahul1115/repo1/-/repo1-1.0.2.tgz",
      "integrity": "sha512-Udx1RTzocDVcsRbpDauvQEeLWwBmq/Y6WMMIYJxR1YJEfL/NlriitW4j9sNKU2W95//RqvLffMBaomlmOmAHMA=="
    }
  }
}
